{
  "name": "study-tracker",
  "version": "0.0.1",
  "lockfileVersion": 3,
  "requires": true,
  "packages": {
    "": {
      "name": "study-tracker",
      "version": "0.0.1",
      "license": "ISC",
      "dependencies": {
        "chalk": "^5.4.1",
        "inquirer": "^12.3.0"
      },
      "bin": {
        "study": "study-tracker.js"
      }
    },
    "node_modules/@inquirer/checkbox": {
      "version": "4.0.4",
      "resolved": "https://lht.app.lufthansa.com/artifactory/api/npm/npm-repos/@inquirer/checkbox/-/checkbox-4.0.4.tgz",
      "integrity": "sha1-5zNfnCP0EA94mo/OsmQXyadKbe4=",
      "dependencies": {
        "@inquirer/core": "^10.1.2",
        "@inquirer/figures": "^1.0.9",
        "@inquirer/type": "^3.0.2",
        "ansi-escapes": "^4.3.2",
        "yoctocolors-cjs": "^2.1.2"
      },
      "engines": {
        "node": ">=18"
      },
      "peerDependencies": {
        "@types/node": ">=18"
      }
    },
    "node_modules/@inquirer/confirm": {
      "version": "5.1.1",
      "resolved": "https://lht.app.lufthansa.com/artifactory/api/npm/npm-repos/@inquirer/confirm/-/confirm-5.1.1.tgz",
      "integrity": "sha1-GDhQZLgnXref26UFzlJ4AYBO6gQ=",
      "dependencies": {
        "@inquirer/core": "^10.1.2",
        "@inquirer/type": "^3.0.2"
      },
      "engines": {
        "node": ">=18"
      },
      "peerDependencies": {
        "@types/node": ">=18"
      }
    },
    "node_modules/@inquirer/core": {
      "version": "10.1.2",
      "resolved": "https://lht.app.lufthansa.com/artifactory/api/npm/npm-repos/@inquirer/core/-/core-10.1.2.tgz",
      "integrity": "sha1-qcW57YFKY26ZtcCoyk8WJtmf110=",
      "dependencies": {
        "@inquirer/figures": "^1.0.9",
        "@inquirer/type": "^3.0.2",
        "ansi-escapes": "^4.3.2",
        "cli-width": "^4.1.0",
        "mute-stream": "^2.0.0",
        "signal-exit": "^4.1.0",
        "strip-ansi": "^6.0.1",
        "wrap-ansi": "^6.2.0",
        "yoctocolors-cjs": "^2.1.2"
      },
      "engines": {
        "node": ">=18"
      }
    },
    "node_modules/@inquirer/editor": {
      "version": "4.2.1",
      "resolved": "https://lht.app.lufthansa.com/artifactory/api/npm/npm-repos/@inquirer/editor/-/editor-4.2.1.tgz",
      "integrity": "sha1-mIfpWqKKUusg6eCNhcs2mO9ARgE=",
      "dependencies": {
        "@inquirer/core": "^10.1.2",
        "@inquirer/type": "^3.0.2",
        "external-editor": "^3.1.0"
      },
      "engines": {
        "node": ">=18"
      },
      "peerDependencies": {
        "@types/node": ">=18"
      }
    },
    "node_modules/@inquirer/expand": {
      "version": "4.0.4",
      "resolved": "https://lht.app.lufthansa.com/artifactory/api/npm/npm-repos/@inquirer/expand/-/expand-4.0.4.tgz",
      "integrity": "sha1-47BSg15I/U689xgTt+rosDxynRs=",
      "dependencies": {
        "@inquirer/core": "^10.1.2",
        "@inquirer/type": "^3.0.2",
        "yoctocolors-cjs": "^2.1.2"
      },
      "engines": {
        "node": ">=18"
      },
      "peerDependencies": {
        "@types/node": ">=18"
      }
    },
    "node_modules/@inquirer/figures": {
      "version": "1.0.9",
      "resolved": "https://lht.app.lufthansa.com/artifactory/api/npm/npm-repos/@inquirer/figures/-/figures-1.0.9.tgz",
      "integrity": "sha1-nYEo+CdM3kygCcqFRzN8qz83pKM=",
      "engines": {
        "node": ">=18"
      }
    },
    "node_modules/@inquirer/input": {
      "version": "4.1.1",
      "resolved": "https://lht.app.lufthansa.com/artifactory/api/npm/npm-repos/@inquirer/input/-/input-4.1.1.tgz",
      "integrity": "sha1-rqLkYwh8aq5XuYAeGuVkj1DQ0i4=",
      "dependencies": {
        "@inquirer/core": "^10.1.2",
        "@inquirer/type": "^3.0.2"
      },
      "engines": {
        "node": ">=18"
      },
      "peerDependencies": {
        "@types/node": ">=18"
      }
    },
    "node_modules/@inquirer/number": {
      "version": "3.0.4",
      "resolved": "https://lht.app.lufthansa.com/artifactory/api/npm/npm-repos/@inquirer/number/-/number-3.0.4.tgz",
      "integrity": "sha1-CQ3KxohtDN3CVfZiS2H7RGF0f+4=",
      "dependencies": {
        "@inquirer/core": "^10.1.2",
        "@inquirer/type": "^3.0.2"
      },
      "engines": {
        "node": ">=18"
      },
      "peerDependencies": {
        "@types/node": ">=18"
      }
    },
    "node_modules/@inquirer/password": {
      "version": "4.0.4",
      "resolved": "https://lht.app.lufthansa.com/artifactory/api/npm/npm-repos/@inquirer/password/-/password-4.0.4.tgz",
      "integrity": "sha1-d4ka4+1XNmB+bpQpk6xAygBBGiw=",
      "dependencies": {
        "@inquirer/core": "^10.1.2",
        "@inquirer/type": "^3.0.2",
        "ansi-escapes": "^4.3.2"
      },
      "engines": {
        "node": ">=18"
      },
      "peerDependencies": {
        "@types/node": ">=18"
      }
    },
    "node_modules/@inquirer/prompts": {
      "version": "7.2.1",
      "resolved": "https://lht.app.lufthansa.com/artifactory/api/npm/npm-repos/@inquirer/prompts/-/prompts-7.2.1.tgz",
      "integrity": "sha1-8A+88GmYoH+uvBB0Hvook4RSmVA=",
      "dependencies": {
        "@inquirer/checkbox": "^4.0.4",
        "@inquirer/confirm": "^5.1.1",
        "@inquirer/editor": "^4.2.1",
        "@inquirer/expand": "^4.0.4",
        "@inquirer/input": "^4.1.1",
        "@inquirer/number": "^3.0.4",
        "@inquirer/password": "^4.0.4",
        "@inquirer/rawlist": "^4.0.4",
        "@inquirer/search": "^3.0.4",
        "@inquirer/select": "^4.0.4"
      },
      "engines": {
        "node": ">=18"
      },
      "peerDependencies": {
        "@types/node": ">=18"
      }
    },
    "node_modules/@inquirer/rawlist": {
      "version": "4.0.4",
      "resolved": "https://lht.app.lufthansa.com/artifactory/api/npm/npm-repos/@inquirer/rawlist/-/rawlist-4.0.4.tgz",
      "integrity": "sha1-0Qu9bFKc1GjT12TBneITNKAfptk=",
      "dependencies": {
        "@inquirer/core": "^10.1.2",
        "@inquirer/type": "^3.0.2",
        "yoctocolors-cjs": "^2.1.2"
      },
      "engines": {
        "node": ">=18"
      },
      "peerDependencies": {
        "@types/node": ">=18"
      }
    },
    "node_modules/@inquirer/search": {
      "version": "3.0.4",
      "resolved": "https://lht.app.lufthansa.com/artifactory/api/npm/npm-repos/@inquirer/search/-/search-3.0.4.tgz",
      "integrity": "sha1-/PUahTU2rdN0kZIGNKGC7Mn1Uks=",
      "dependencies": {
        "@inquirer/core": "^10.1.2",
        "@inquirer/figures": "^1.0.9",
        "@inquirer/type": "^3.0.2",
        "yoctocolors-cjs": "^2.1.2"
      },
      "engines": {
        "node": ">=18"
      },
      "peerDependencies": {
        "@types/node": ">=18"
      }
    },
    "node_modules/@inquirer/select": {
      "version": "4.0.4",
      "resolved": "https://lht.app.lufthansa.com/artifactory/api/npm/npm-repos/@inquirer/select/-/select-4.0.4.tgz",
      "integrity": "sha1-AmraFXVN7xzT+8Ae/Fbq5FzMfeQ=",
      "dependencies": {
        "@inquirer/core": "^10.1.2",
        "@inquirer/figures": "^1.0.9",
        "@inquirer/type": "^3.0.2",
        "ansi-escapes": "^4.3.2",
        "yoctocolors-cjs": "^2.1.2"
      },
      "engines": {
        "node": ">=18"
      },
      "peerDependencies": {
        "@types/node": ">=18"
      }
    },
    "node_modules/@inquirer/type": {
      "version": "3.0.2",
      "resolved": "https://lht.app.lufthansa.com/artifactory/api/npm/npm-repos/@inquirer/type/-/type-3.0.2.tgz",
      "integrity": "sha1-uv+fjXCUcYHes2dyzZpbaHbT5gw=",
      "engines": {
        "node": ">=18"
      },
      "peerDependencies": {
        "@types/node": ">=18"
      }
    },
    "node_modules/@types/node": {
      "version": "22.10.3",
      "resolved": "https://lht.app.lufthansa.com/artifactory/api/npm/npm-repos/@types/node/-/node-22.10.3.tgz",
      "integrity": "sha1-zcKom/bl1eWT+tCOg/dNc0jV3RA=",
      "peer": true,
      "dependencies": {
        "undici-types": "~6.20.0"
      }
    },
    "node_modules/ansi-escapes": {
      "version": "4.3.2",
      "resolved": "https://lht.app.lufthansa.com/artifactory/api/npm/npm-repos/ansi-escapes/-/ansi-escapes-4.3.2.tgz",
      "integrity": "sha1-ayKR0dt9mLZSHV8e+kLQ86n+tl4=",
      "dependencies": {
        "type-fest": "^0.21.3"
      },
      "engines": {
        "node": ">=8"
      },
      "funding": {
        "url": "https://github.com/sponsors/sindresorhus"
      }
    },
    "node_modules/ansi-regex": {
      "version": "5.0.1",
      "resolved": "https://lht.app.lufthansa.com/artifactory/api/npm/npm-repos/ansi-regex/-/ansi-regex-5.0.1.tgz",
      "integrity": "sha1-CCyyyJyf6GWaMRpTvWpNxTAdswQ=",
      "engines": {
        "node": ">=8"
      }
    },
    "node_modules/ansi-styles": {
      "version": "4.3.0",
      "resolved": "https://lht.app.lufthansa.com/artifactory/api/npm/npm-repos/ansi-styles/-/ansi-styles-4.3.0.tgz",
      "integrity": "sha1-7dgDYornHATIWuegkG7a00tkiTc=",
      "dependencies": {
        "color-convert": "^2.0.1"
      },
      "engines": {
        "node": ">=8"
      },
      "funding": {
        "url": "https://github.com/chalk/ansi-styles?sponsor=1"
      }
    },
    "node_modules/chalk": {
      "version": "5.4.1",
      "resolved": "https://lht.app.lufthansa.com/artifactory/api/npm/npm-repos/chalk/-/chalk-5.4.1.tgz",
      "integrity": "sha1-G0i/CWPsFY3OKqz2nAk64t0gktg=",
      "engines": {
        "node": "^12.17.0 || ^14.13 || >=16.0.0"
      },
      "funding": {
        "url": "https://github.com/chalk/chalk?sponsor=1"
      }
    },
    "node_modules/chardet": {
      "version": "0.7.0",
      "resolved": "https://lht.app.lufthansa.com/artifactory/api/npm/npm-repos/chardet/-/chardet-0.7.0.tgz",
      "integrity": "sha1-kAlISfCTfy7twkJdDSip5fDLrZ4="
    },
    "node_modules/cli-width": {
      "version": "4.1.0",
      "resolved": "https://lht.app.lufthansa.com/artifactory/api/npm/npm-repos/cli-width/-/cli-width-4.1.0.tgz",
      "integrity": "sha1-QtqsQdPCVO84rYrAN2chMBc2kcU=",
      "engines": {
        "node": ">= 12"
      }
    },
    "node_modules/color-convert": {
      "version": "2.0.1",
      "resolved": "https://lht.app.lufthansa.com/artifactory/api/npm/npm-repos/color-convert/-/color-convert-2.0.1.tgz",
      "integrity": "sha1-ctOmjVmMm9s68q0ehPIdiWq9TeM=",
      "dependencies": {
        "color-name": "~1.1.4"
      },
      "engines": {
        "node": ">=7.0.0"
      }
    },
    "node_modules/color-name": {
      "version": "1.1.4",
      "resolved": "https://lht.app.lufthansa.com/artifactory/api/npm/npm-repos/color-name/-/color-name-1.1.4.tgz",
      "integrity": "sha1-wqCah6y95pVD3m9j+jmVyCbFNqI="
    },
    "node_modules/emoji-regex": {
      "version": "8.0.0",
      "resolved": "https://lht.app.lufthansa.com/artifactory/api/npm/npm-repos/emoji-regex/-/emoji-regex-8.0.0.tgz",
      "integrity": "sha1-6Bj9ac5cz8tARZT4QpY79TFkzDc="
    },
    "node_modules/external-editor": {
      "version": "3.1.0",
      "resolved": "https://lht.app.lufthansa.com/artifactory/api/npm/npm-repos/external-editor/-/external-editor-3.1.0.tgz",
      "integrity": "sha1-ywP3QL764D6k0oPK7SdBqD8zVJU=",
      "dependencies": {
        "chardet": "^0.7.0",
        "iconv-lite": "^0.4.24",
        "tmp": "^0.0.33"
      },
      "engines": {
        "node": ">=4"
      }
    },
    "node_modules/iconv-lite": {
      "version": "0.4.24",
      "resolved": "https://lht.app.lufthansa.com/artifactory/api/npm/npm-repos/iconv-lite/-/iconv-lite-0.4.24.tgz",
      "integrity": "sha1-ICK0sl+93CHS9SSXSkdKr+czkIs=",
      "dependencies": {
        "safer-buffer": ">= 2.1.2 < 3"
      },
      "engines": {
        "node": ">=0.10.0"
      }
    },
    "node_modules/inquirer": {
      "version": "12.3.0",
      "resolved": "https://lht.app.lufthansa.com/artifactory/api/npm/npm-repos/inquirer/-/inquirer-12.3.0.tgz",
      "integrity": "sha1-xRQvSTYvE0eqSaGOZS20YPFAkuY=",
      "dependencies": {
        "@inquirer/core": "^10.1.2",
        "@inquirer/prompts": "^7.2.1",
        "@inquirer/type": "^3.0.2",
        "ansi-escapes": "^4.3.2",
        "mute-stream": "^2.0.0",
        "run-async": "^3.0.0",
        "rxjs": "^7.8.1"
      },
      "engines": {
        "node": ">=18"
      },
      "peerDependencies": {
        "@types/node": ">=18"
      }
    },
    "node_modules/is-fullwidth-code-point": {
      "version": "3.0.0",
      "resolved": "https://lht.app.lufthansa.com/artifactory/api/npm/npm-repos/is-fullwidth-code-point/-/is-fullwidth-code-point-3.0.0.tgz",
      "integrity": "sha1-8Rb4Bk/pCz94RKOJl8C3UFEmnx0=",
      "engines": {
        "node": ">=8"
      }
    },
    "node_modules/mute-stream": {
      "version": "2.0.0",
      "resolved": "https://lht.app.lufthansa.com/artifactory/api/npm/npm-repos/mute-stream/-/mute-stream-2.0.0.tgz",
      "integrity": "sha1-pURvwMUStxyDxE2QjVx7e0xJOys=",
      "engines": {
        "node": "^18.17.0 || >=20.5.0"
      }
    },
    "node_modules/os-tmpdir": {
      "version": "1.0.2",
      "resolved": "https://lht.app.lufthansa.com/artifactory/api/npm/npm-repos/os-tmpdir/-/os-tmpdir-1.0.2.tgz",
      "integrity": "sha1-u+Z0BseaqFxc/sdm/lc0VV36EnQ=",
      "engines": {
        "node": ">=0.10.0"
      }
    },
    "node_modules/run-async": {
      "version": "3.0.0",
      "resolved": "https://lht.app.lufthansa.com/artifactory/api/npm/npm-repos/run-async/-/run-async-3.0.0.tgz",
      "integrity": "sha1-QqQy9tdsaJUiBYmEOE3yi+N52q0=",
      "engines": {
        "node": ">=0.12.0"
      }
    },
    "node_modules/rxjs": {
      "version": "7.8.1",
      "resolved": "https://lht.app.lufthansa.com/artifactory/api/npm/npm-repos/rxjs/-/rxjs-7.8.1.tgz",
      "integrity": "sha1-b289meqARCke/ZLnx/z1YsQFdUM=",
      "dependencies": {
        "tslib": "^2.1.0"
      }
    },
    "node_modules/safer-buffer": {
      "version": "2.1.2",
      "resolved": "https://lht.app.lufthansa.com/artifactory/api/npm/npm-repos/safer-buffer/-/safer-buffer-2.1.2.tgz",
      "integrity": "sha1-RPoWGwGHuVSd2Eu5GAL5vYOFzWo="
    },
    "node_modules/signal-exit": {
      "version": "4.1.0",
      "resolved": "https://lht.app.lufthansa.com/artifactory/api/npm/npm-repos/signal-exit/-/signal-exit-4.1.0.tgz",
      "integrity": "sha1-lSGIwcvVRgcOLdIND0HArgUwywQ=",
      "engines": {
        "node": ">=14"
      },
      "funding": {
        "url": "https://github.com/sponsors/isaacs"
      }
    },
    "node_modules/string-width": {
      "version": "4.2.3",
      "resolved": "https://lht.app.lufthansa.com/artifactory/api/npm/npm-repos/string-width/-/string-width-4.2.3.tgz",
      "integrity": "sha1-JpxxF9J7Ba0uU2gwqOyJXvnG0BA=",
      "dependencies": {
        "emoji-regex": "^8.0.0",
        "is-fullwidth-code-point": "^3.0.0",
        "strip-ansi": "^6.0.1"
      },
      "engines": {
        "node": ">=8"
      }
    },
    "node_modules/strip-ansi": {
      "version": "6.0.1",
      "resolved": "https://lht.app.lufthansa.com/artifactory/api/npm/npm-repos/strip-ansi/-/strip-ansi-6.0.1.tgz",
      "integrity": "sha1-nibGPTD1NEPpSJSVshBdN7Z6hdk=",
      "dependencies": {
        "ansi-regex": "^5.0.1"
      },
      "engines": {
        "node": ">=8"
      }
    },
    "node_modules/tmp": {
      "version": "0.0.33",
      "resolved": "https://lht.app.lufthansa.com/artifactory/api/npm/npm-repos/tmp/-/tmp-0.0.33.tgz",
      "integrity": "sha1-bTQzWIl2jSGyvNoKonfO07G/rfk=",
      "dependencies": {
        "os-tmpdir": "~1.0.2"
      },
      "engines": {
        "node": ">=0.6.0"
      }
    },
    "node_modules/tslib": {
      "version": "2.8.1",
      "resolved": "https://lht.app.lufthansa.com/artifactory/api/npm/npm-repos/tslib/-/tslib-2.8.1.tgz",
      "integrity": "sha1-YS7+TtI11Wfoq6Xypfq3AoCt6D8="
    },
    "node_modules/type-fest": {
      "version": "0.21.3",
      "resolved": "https://lht.app.lufthansa.com/artifactory/api/npm/npm-repos/type-fest/-/type-fest-0.21.3.tgz",
      "integrity": "sha1-0mCiSwGYQ24TP6JqUkptZfo7Ljc=",
      "engines": {
        "node": ">=10"
      },
      "funding": {
        "url": "https://github.com/sponsors/sindresorhus"
      }
    },
    "node_modules/undici-types": {
      "version": "6.20.0",
      "resolved": "https://lht.app.lufthansa.com/artifactory/api/npm/npm-repos/undici-types/-/undici-types-6.20.0.tgz",
      "integrity": "sha1-gXG/IsH1iNFVTVW/IEvGJK84hDM=",
      "peer": true
    },
    "node_modules/wrap-ansi": {
      "version": "6.2.0",
      "resolved": "https://lht.app.lufthansa.com/artifactory/api/npm/npm-repos/wrap-ansi/-/wrap-ansi-6.2.0.tgz",
      "integrity": "sha1-6Tk7oHEC5skaOyIUePAlfNKFblM=",
      "dependencies": {
        "ansi-styles": "^4.0.0",
        "string-width": "^4.1.0",
        "strip-ansi": "^6.0.0"
      },
      "engines": {
        "node": ">=8"
      }
    },
    "node_modules/yoctocolors-cjs": {
      "version": "2.1.2",
      "resolved": "https://lht.app.lufthansa.com/artifactory/api/npm/npm-repos/yoctocolors-cjs/-/yoctocolors-cjs-2.1.2.tgz",
      "integrity": "sha1-9LkFqECjdQaBOnrKoo/r6XdnokI=",
      "engines": {
        "node": ">=18"
      },
      "funding": {
        "url": "https://github.com/sponsors/sindresorhus"
      }
    }
  }
}
